// !$*UTF8*$!
{
	archiveVersion = 1;
	classes = {
	};
	objectVersion = 46;
	objects = {

/* Begin PBXBuildFile section */
		684394431A71E13500E3F0A3 /* AppDelegate.swift in Sources */ = {isa = PBXBuildFile; fileRef = 684394421A71E13500E3F0A3 /* AppDelegate.swift */; };
		684394451A71E13500E3F0A3 /* ViewController.swift in Sources */ = {isa = PBXBuildFile; fileRef = 684394441A71E13500E3F0A3 /* ViewController.swift */; };
		684394481A71E13500E3F0A3 /* Main.storyboard in Resources */ = {isa = PBXBuildFile; fileRef = 684394461A71E13500E3F0A3 /* Main.storyboard */; };
		6843944A1A71E13500E3F0A3 /* Images.xcassets in Resources */ = {isa = PBXBuildFile; fileRef = 684394491A71E13500E3F0A3 /* Images.xcassets */; };
		6843944D1A71E13500E3F0A3 /* LaunchScreen.xib in Resources */ = {isa = PBXBuildFile; fileRef = 6843944B1A71E13500E3F0A3 /* LaunchScreen.xib */; };
		684394591A71E13500E3F0A3 /* _12215_02Tests.swift in Sources */ = {isa = PBXBuildFile; fileRef = 684394581A71E13500E3F0A3 /* _12215_02Tests.swift */; };
/* End PBXBuildFile section */

/* Begin PBXContainerItemProxy section */
		684394531A71E13500E3F0A3 /* PBXContainerItemProxy */ = {
			isa = PBXContainerItemProxy;
			containerPortal = 684394351A71E13400E3F0A3 /* Project object */;
			proxyType = 1;
			remoteGlobalIDString = 6843943C1A71E13500E3F0A3;
			remoteInfo = "012215-02";
		};
/* End PBXContainerItemProxy section */

/* Begin PBXFileReference section */
		6843943D1A71E13500E3F0A3 /* 012215-02.app */ = {isa = PBXFileReference; explicitFileType = wrapper.application; includeInIndex = 0; path = "012215-02.app"; sourceTree = BUILT_PRODUCTS_DIR; };
		684394411A71E13500E3F0A3 /* Info.plist */ = {isa = PBXFileReference; lastKnownFileType = text.plist.xml; path = Info.plist; sourceTree = "<group>"; };
		684394421A71E13500E3F0A3 /* AppDelegate.swift */ = {isa = PBXFileReference; lastKnownFileType = sourcecode.swift; path = AppDelegate.swift; sourceTree = "<group>"; };
		684394441A71E13500E3F0A3 /* ViewController.swift */ = {isa = PBXFileReference; lastKnownFileType = sourcecode.swift; path = ViewController.swift; sourceTree = "<group>"; };
		684394471A71E13500E3F0A3 /* Base */ = {isa = PBXFileReference; lastKnownFileType = file.storyboard; name = Base; path = Base.lproj/Main.storyboard; sourceTree = "<group>"; };
		684394491A71E13500E3F0A3 /* Images.xcassets */ = {isa = PBXFileReference; lastKnownFileType = folder.assetcatalog; path = Images.xcassets; sourceTree = "<group>"; };
		6843944C1A71E13500E3F0A3 /* Base */ = {isa = PBXFileReference; lastKnownFileType = file.xib; name = Base; path = Base.lproj/LaunchScreen.xib; sourceTree = "<group>"; };
		684394521A71E13500E3F0A3 /* 012215-02Tests.xctest */ = {isa = PBXFileReference; explicitFileType = wrapper.cfbundle; includeInIndex = 0; path = "012215-02Tests.xctest"; sourceTree = BUILT_PRODUCTS_DIR; };
		684394571A71E13500E3F0A3 /* Info.plist */ = {isa = PBXFileReference; lastKnownFileType = text.plist.xml; path = Info.plist; sourceTree = "<group>"; };
		684394581A71E13500E3F0A3 /* _12215_02Tests.swift */ = {isa = PBXFileReference; lastKnownFileType = sourcecode.swift; path = _12215_02Tests.swift; sourceTree = "<group>"; };
/* End PBXFileReference section */

/* Begin PBXFrameworksBuildPhase section */
		6843943A1A71E13500E3F0A3 /* Frameworks */ = {
			isa = PBXFrameworksBuildPhase;
			buildActionMask = 2147483647;
			files = (
			);
			runOnlyForDeploymentPostprocessing = 0;
		};
		6843944F1A71E13500E3F0A3 /* Frameworks */ = {
			isa = PBXFrameworksBuildPhase;
			buildActionMask = 2147483647;
			files = (
			);
			runOnlyForDeploymentPostprocessing = 0;
		};
/* End PBXFrameworksBuildPhase section */

/* Begin PBXGroup section */
		684394341A71E13400E3F0A3 = {
			isa = PBXGroup;
			children = (
				6843943F1A71E13500E3F0A3 /* 012215-02 */,
				684394551A71E13500E3F0A3 /* 012215-02Tests */,
				6843943E1A71E13500E3F0A3 /* Products */,
			);
			sourceTree = "<group>";
		};
		6843943E1A71E13500E3F0A3 /* Products */ = {
			isa = PBXGroup;
			children = (
				6843943D1A71E13500E3F0A3 /* 012215-02.app */,
				684394521A71E13500E3F0A3 /* 012215-02Tests.xctest */,
			);
			name = Products;
			sourceTree = "<group>";
		};
		6843943F1A71E13500E3F0A3 /* 012215-02 */ = {
			isa = PBXGroup;
			children = (
				684394421A71E13500E3F0A3 /* AppDelegate.swift */,
				684394441A71E13500E3F0A3 /* ViewController.swift */,
				684394461A71E13500E3F0A3 /* Main.storyboard */,
				684394491A71E13500E3F0A3 /* Images.xcassets */,
				6843944B1A71E13500E3F0A3 /* LaunchScreen.xib */,
				684394401A71E13500E3F0A3 /* Supporting Files */,
			);
			path = "012215-02";
			sourceTree = "<group>";
		};
		684394401A71E13500E3F0A3 /* Supporting Files */ = {
			isa = PBXGroup;
			children = (
				684394411A71E13500E3F0A3 /* Info.plist */,
			);
			name = "Supporting Files";
			sourceTree = "<group>";
		};
		684394551A71E13500E3F0A3 /* 012215-02Tests */ = {
			isa = PBXGroup;
			children = (
				684394581A71E13500E3F0A3 /* _12215_02Tests.swift */,
				684394561A71E13500E3F0A3 /* Supporting Files */,
			);
			path = "012215-02Tests";
			sourceTree = "<group>";
		};
		684394561A71E13500E3F0A3 /* Supporting Files */ = {
			isa = PBXGroup;
			children = (
				684394571A71E13500E3F0A3 /* Info.plist */,
			);
			name = "Supporting Files";
			sourceTree = "<group>";
		};
/* End PBXGroup section */

/* Begin PBXNativeTarget section */
		6843943C1A71E13500E3F0A3 /* 012215-02 */ = {
			isa = PBXNativeTarget;
			buildConfigurationList = 6843945C1A71E13500E3F0A3 /* Build configuration list for PBXNativeTarget "012215-02" */;
			buildPhases = (
				684394391A71E13500E3F0A3 /* Sources */,
				6843943A1A71E13500E3F0A3 /* Frameworks */,
				6843943B1A71E13500E3F0A3 /* Resources */,
			);
			buildRules = (
			);
			dependencies = (
			);
			name = "012215-02";
			productName = "012215-02";
			productReference = 6843943D1A71E13500E3F0A3 /* 012215-02.app */;
			productType = "com.apple.product-type.application";
		};
		684394511A71E13500E3F0A3 /* 012215-02Tests */ = {
			isa = PBXNativeTarget;
			buildConfigurationList = 6843945F1A71E13500E3F0A3 /* Build configuration list for PBXNativeTarget "012215-02Tests" */;
			buildPhases = (
				6843944E1A71E13500E3F0A3 /* Sources */,
				6843944F1A71E13500E3F0A3 /* Frameworks */,
				684394501A71E13500E3F0A3 /* Resources */,
			);
			buildRules = (
			);
			dependencies = (
				684394541A71E13500E3F0A3 /* PBXTargetDependency */,
			);
			name = "012215-02Tests";
			productName = "012215-02Tests";
			productReference = 684394521A71E13500E3F0A3 /* 012215-02Tests.xctest */;
			productType = "com.apple.product-type.bundle.unit-test";
		};
/* End PBXNativeTarget section */

/* Begin PBXProject section */
		684394351A71E13400E3F0A3 /* Project object */ = {
			isa = PBXProject;
			attributes = {
				LastUpgradeCheck = 0610;
				ORGANIZATIONNAME = "Karen Chiu";
				TargetAttributes = {
					6843943C1A71E13500E3F0A3 = {
						CreatedOnToolsVersion = 6.1.1;
					};
					684394511A71E13500E3F0A3 = {
						CreatedOnToolsVersion = 6.1.1;
						TestTargetID = 6843943C1A71E13500E3F0A3;
					};
				};
			};
			buildConfigurationList = 684394381A71E13400E3F0A3 /* Build configuration list for PBXProject "012215-02" */;
			compatibilityVersion = "Xcode 3.2";
			developmentRegion = English;
			hasScannedForEncodings = 0;
			knownRegions = (
				en,
				Base,
			);
			mainGroup = 684394341A71E13400E3F0A3;
			productRefGroup = 6843943E1A71E13500E3F0A3 /* Products */;
			projectDirPath = "";
			projectRoot = "";
			targets = (
				6843943C1A71E13500E3F0A3 /* 012215-02 */,
				684394511A71E13500E3F0A3 /* 012215-02Tests */,
			);
		};
/* End PBXProject section */

/* Begin PBXResourcesBuildPhase section */
		6843943B1A71E13500E3F0A3 /* Resources */ = {
			isa = PBXResourcesBuildPhase;
			buildActionMask = 2147483647;
			files = (
				684394481A71E13500E3F0A3 /* Main.storyboard in Resources */,
				6843944D1A71E13500E3F0A3 /* LaunchScreen.xib in Resources */,
				6843944A1A71E13500E3F0A3 /* Images.xcassets in Resources */,
			);
			runOnlyForDeploymentPostprocessing = 0;
		};
		684394501A71E13500E3F0A3 /* Resources */ = {
			isa = PBXResourcesBuildPhase;
			buildActionMask = 2147483647;
			files = (
			);
			runOnlyForDeploymentPostprocessing = 0;
		};
/* End PBXResourcesBuildPhase section */

/* Begin PBXSourcesBuildPhase section */
		684394391A71E13500E3F0A3 /* Sources */ = {
			isa = PBXSourcesBuildPhase;
			buildActionMask = 2147483647;
			files = (
				684394451A71E13500E3F0A3 /* ViewController.swift in Sources */,
				684394431A71E13500E3F0A3 /* AppDelegate.swift in Sources */,
			);
			runOnlyForDeploymentPostprocessing = 0;
		};
		6843944E1A71E13500E3F0A3 /* Sources */ = {
			isa = PBXSourcesBuildPhase;
			buildActionMask = 2147483647;
			files = (
				684394591A71E13500E3F0A3 /* _12215_02Tests.swift in Sources */,
			);
			runOnlyForDeploymentPostprocessing = 0;
		};
/* End PBXSourcesBuildPhase section */

/* Begin PBXTargetDependency section */
		684394541A71E13500E3F0A3 /* PBXTargetDependency */ = {
			isa = PBXTargetDependency;
			target = 6843943C1A71E13500E3F0A3 /* 012215-02 */;
			targetProxy = 684394531A71E13500E3F0A3 /* PBXContainerItemProxy */;
		};
/* End PBXTargetDependency section */

/* Begin PBXVariantGroup section */
		684394461A71E13500E3F0A3 /* Main.storyboard */ = {
			isa = PBXVariantGroup;
			children = (
				684394471A71E13500E3F0A3 /* Base */,
			);
			name = Main.storyboard;
			sourceTree = "<group>";
		};
		6843944B1A71E13500E3F0A3 /* LaunchScreen.xib */ = {
			isa = PBXVariantGroup;
			children = (
				6843944C1A71E13500E3F0A3 /* Base */,
			);
			name = LaunchScreen.xib;
			sourceTree = "<group>";
		};
/* End PBXVariantGroup section */

/* Begin XCBuildConfiguration section */
		6843945A1A71E13500E3F0A3 /* Debug */ = {
			isa = XCBuildConfiguration;
			buildSettings = {
				ALWAYS_SEARCH_USER_PATHS = NO;
				CLANG_CXX_LANGUAGE_STANDARD = "gnu++0x";
				CLANG_CXX_LIBRARY = "libc++";
				CLANG_ENABLE_MODULES = YES;
				CLANG_ENABLE_OBJC_ARC = YES;
				CLANG_WARN_BOOL_CONVERSION = YES;
				CLANG_WARN_CONSTANT_CONVERSION = YES;
				CLANG_WARN_DIRECT_OBJC_ISA_USAGE = YES_ERROR;
				CLANG_WARN_EMPTY_BODY = YES;
				CLANG_WARN_ENUM_CONVERSION = YES;
				CLANG_WARN_INT_CONVERSION = YES;
				CLANG_WARN_OBJC_ROOT_CLASS = YES_ERROR;
				CLANG_WARN_UNREACHABLE_CODE = YES;
				CLANG_WARN__DUPLICATE_METHOD_MATCH = YES;
				"CODE_SIGN_IDENTITY[sdk=iphoneos*]" = "iPhone Developer";
				COPY_PHASE_STRIP = NO;
				ENABLE_STRICT_OBJC_MSGSEND = YES;
				GCC_C_LANGUAGE_STANDARD = gnu99;
				GCC_DYNAMIC_NO_PIC = NO;
				GCC_OPTIMIZATION_LEVEL = 0;
				GCC_PREPROCESSOR_DEFINITIONS = (
					"DEBUG=1",
					"$(inherited)",
				);
				GCC_SYMBOLS_PRIVATE_EXTERN = NO;
				GCC_WARN_64_TO_32_BIT_CONVERSION = YES;
				GCC_WARN_ABOUT_RETURN_TYPE = YES_ERROR;
				GCC_WARN_UNDECLARED_SELECTOR = YES;
				GCC_WARN_UNINITIALIZED_AUTOS = YES_AGGRESSIVE;
				GCC_WARN_UNUSED_FUNCTION = YES;
				GCC_WARN_UNUSED_VARIABLE = YES;
				IPHONEOS_DEPLOYMENT_TARGET = 8.1;
				MTL_ENABLE_DEBUG_INFO = YES;
				ONLY_ACTIVE_ARCH = YES;
				SDKROOT = iphoneos;
				SWIFT_OPTIMIZATION_LEVEL = "-Onone";
			};
			name = Debug;
		};
		6843945B1A71E13500E3F0A3 /* Release */ = {
			isa = XCBuildConfiguration;
			buildSettings = {
				ALWAYS_SEARCH_USER_PATHS = NO;
				CLANG_CXX_LANGUAGE_STANDARD = "gnu++0x";
				CLANG_CXX_LIBRARY = "libc++";
				CLANG_ENABLE_MODULES = YES;
				CLANG_ENABLE_OBJC_ARC = YES;
				CLANG_WARN_BOOL_CONVERSION = YES;
				CLANG_WARN_CONSTANT_CONVERSION = YES;
				CLANG_WARN_DIRECT_OBJC_ISA_USAGE = YES_ERROR;
				CLANG_WARN_EMPTY_BODY = YES;
				CLANG_WARN_ENUM_CONVERSION = YES;
				CLANG_WARN_INT_CONVERSION = YES;
				CLANG_WARN_OBJC_ROOT_CLASS = YES_ERROR;
				CLANG_WARN_UNREACHABLE_CODE = YES;
				CLANG_WARN__DUPLICATE_METHOD_MATCH = YES;
				"CODE_SIGN_IDENTITY[sdk=iphoneos*]" = "iPhone Developer";
				COPY_PHASE_STRIP = YES;
				ENABLE_NS_ASSERTIONS = NO;
				ENABLE_STRICT_OBJC_MSGSEND = YES;
				GCC_C_LANGUAGE_STANDARD = gnu99;
				GCC_WARN_64_TO_32_BIT_CONVERSION = YES;
				GCC_WARN_ABOUT_RETURN_TYPE = YES_ERROR;
				GCC_WARN_UNDECLARED_SELECTOR = YES;
				GCC_WARN_UNINITIALIZED_AUTOS = YES_AGGRESSIVE;
				GCC_WARN_UNUSED_FUNCTION = YES;
				GCC_WARN_UNUSED_VARIABLE = YES;
				IPHONEOS_DEPLOYMENT_TARGET = 8.1;
				MTL_ENABLE_DEBUG_INFO = NO;
				SDKROOT = iphoneos;
				VALIDATE_PRODUCT = YES;
			};
			name = Release;
		};
		6843945D1A71E13500E3F0A3 /* Debug */ = {
			isa = XCBuildConfiguration;
			buildSettings = {
				ASSETCATALOG_COMPILER_APPICON_NAME = AppIcon;
				INFOPLIST_FILE = "012215-02/Info.plist";
				LD_RUNPATH_SEARCH_PATHS = "$(inherited) @executable_path/Frameworks";
				PRODUCT_NAME = "$(TARGET_NAME)";
			};
			name = Debug;
		};
		6843945E1A71E13500E3F0A3 /* Release */ = {
			isa = XCBuildConfiguration;
			buildSettings = {
				ASSETCATALOG_COMPILER_APPICON_NAME = AppIcon;
				INFOPLIST_FILE = "012215-02/Info.plist";
				LD_RUNPATH_SEARCH_PATHS = "$(inherited) @executable_path/Frameworks";
				PRODUCT_NAME = "$(TARGET_NAME)";
			};
			name = Release;
		};
		684394601A71E13500E3F0A3 /* Debug */ = {
			isa = XCBuildConfiguration;
			buildSettings = {
				BUNDLE_LOADER = "$(TEST_HOST)";
				FRAMEWORK_SEARCH_PATHS = (
					"$(SDKROOT)/Developer/Library/Frameworks",
					"$(inherited)",
				);
				GCC_PREPROCESSOR_DEFINITIONS = (
					"DEBUG=1",
					"$(inherited)",
				);
				INFOPLIST_FILE = "012215-02Tests/Info.plist";
				LD_RUNPATH_SEARCH_PATHS = "$(inherited) @executable_path/Frameworks @loader_path/Frameworks";
				PRODUCT_NAME = "$(TARGET_NAME)";
				TEST_HOST = "$(BUILT_PRODUCTS_DIR)/012215-02.app/012215-02";
			};
			name = Debug;
		};
		684394611A71E13500E3F0A3 /* Release */ = {
			isa = XCBuildConfiguration;
			buildSettings = {
				BUNDLE_LOADER = "$(TEST_HOST)";
				FRAMEWORK_SEARCH_PATHS = (
					"$(SDKROOT)/Developer/Library/Frameworks",
					"$(inherited)",
				);
				INFOPLIST_FILE = "012215-02Tests/Info.plist";
				LD_RUNPATH_SEARCH_PATHS = "$(inherited) @executable_path/Frameworks @loader_path/Frameworks";
				PRODUCT_NAME = "$(TARGET_NAME)";
				TEST_HOST = "$(BUILT_PRODUCTS_DIR)/012215-02.app/012215-02";
			};
			name = Release;
		};
/* End XCBuildConfiguration section */

/* Begin XCConfigurationList section */
		684394381A71E13400E3F0A3 /* Build configuration list for PBXProject "012215-02" */ = {
			isa = XCConfigurationList;
			buildConfigurations = (
				6843945A1A71E13500E3F0A3 /* Debug */,
				6843945B1A71E13500E3F0A3 /* Release */,
			);
			defaultConfigurationIsVisible = 0;
			defaultConfigurationName = Release;
		};
		6843945C1A71E13500E3F0A3 /* Build configuration list for PBXNativeTarget "012215-02" */ = {
			isa = XCConfigurationList;
			buildConfigurations = (
				6843945D1A71E13500E3F0A3 /* Debug */,
				6843945E1A71E13500E3F0A3 /* Release */,
			);
			defaultConfigurationIsVisible = 0;
		};
		6843945F1A71E13500E3F0A3 /* Build configuration list for PBXNativeTarget "012215-02Tests" */ = {
			isa = XCConfigurationList;
			buildConfigurations = (
				684394601A71E13500E3F0A3 /* Debug */,
				684394611A71E13500E3F0A3 /* Release */,
			);
			defaultConfigurationIsVisible = 0;
		};
/* End XCConfigurationList section */
	};
	rootObject = 684394351A71E13400E3F0A3 /* Project object */;
}
